
Microsoft Visual Studio Solution File, Format Version 12.00
# Visual Studio Version 17
VisualStudioVersion = 17.11.35327.3
MinimumVisualStudioVersion = 10.0.40219.1
Project("{9A19103F-16F7-4668-BE54-9A1E7A4F7556}") = "GCRM", "GCRM\GCRM.csproj", "{D2CF242C-3E50-436C-8F06-8A2165903A31}"
EndProject
Project("{9A19103F-16F7-4668-BE54-9A1E7A4F7556}") = "Business", "Business\Business.csproj", "{39C267C2-BDCD-4147-9C9A-83C863714D00}"
	ProjectSection(ProjectDependencies) = postProject
		{60A70664-DC2B-4910-83B8-EEBCD4ADE07F} = {60A70664-DC2B-4910-83B8-EEBCD4ADE07F}
	EndProjectSection
EndProject
Project("{9A19103F-16F7-4668-BE54-9A1E7A4F7556}") = "Connection", "Connection\Connection.csproj", "{6ED3A5CE-FC3A-4BC7-9024-88E72AEB2F77}"
EndProject
Project("{2150E333-8FDC-42A3-9474-1A3956D46DE8}") = "Solution Items", "Solution Items", "{FAF0A780-81EE-4F9B-BE58-71397C9CF783}"
	ProjectSection(SolutionItems) = preProject
		GCRM\bin\Debug\net8.0-windows7.0\connection.json = GCRM\bin\Debug\net8.0-windows7.0\connection.json
		publish.cmd = publish.cmd
		README.md = README.md
	EndProjectSection
EndProject
Project("{9A19103F-16F7-4668-BE54-9A1E7A4F7556}") = "Reporter", "Reporter\Reporter.csproj", "{F377CCFB-79CF-421B-B808-6E32666B5809}"
EndProject
Project("{FAE04EC0-301F-11D3-BF4B-00C04F79EFBC}") = "GCRM.Domain", "GCRM.Domain\GCRM.Domain.csproj", "{60A70664-DC2B-4910-83B8-EEBCD4ADE07F}"
EndProject
Project("{FAE04EC0-301F-11D3-BF4B-00C04F79EFBC}") = "GCRM.Shared", "GCRM.Shared\GCRM.Shared.csproj", "{3B65C597-232D-4A29-BF28-9B9CC70868E1}"
EndProject
Global
	GlobalSection(SolutionConfigurationPlatforms) = preSolution
		Debug|Any CPU = Debug|Any CPU
		Release|Any CPU = Release|Any CPU
	EndGlobalSection
	GlobalSection(ProjectConfigurationPlatforms) = postSolution
		{D2CF242C-3E50-436C-8F06-8A2165903A31}.Debug|Any CPU.ActiveCfg = Debug|Any CPU
		{D2CF242C-3E50-436C-8F06-8A2165903A31}.Debug|Any CPU.Build.0 = Debug|Any CPU
		{D2CF242C-3E50-436C-8F06-8A2165903A31}.Release|Any CPU.ActiveCfg = Release|Any CPU
		{D2CF242C-3E50-436C-8F06-8A2165903A31}.Release|Any CPU.Build.0 = Release|Any CPU
		{39C267C2-BDCD-4147-9C9A-83C863714D00}.Debug|Any CPU.ActiveCfg = Debug|Any CPU
		{39C267C2-BDCD-4147-9C9A-83C863714D00}.Debug|Any CPU.Build.0 = Debug|Any CPU
		{39C267C2-BDCD-4147-9C9A-83C863714D00}.Release|Any CPU.ActiveCfg = Release|Any CPU
		{39C267C2-BDCD-4147-9C9A-83C863714D00}.Release|Any CPU.Build.0 = Release|Any CPU
		{6ED3A5CE-FC3A-4BC7-9024-88E72AEB2F77}.Debug|Any CPU.ActiveCfg = Debug|Any CPU
		{6ED3A5CE-FC3A-4BC7-9024-88E72AEB2F77}.Debug|Any CPU.Build.0 = Debug|Any CPU
		{6ED3A5CE-FC3A-4BC7-9024-88E72AEB2F77}.Release|Any CPU.ActiveCfg = Release|Any CPU
		{6ED3A5CE-FC3A-4BC7-9024-88E72AEB2F77}.Release|Any CPU.Build.0 = Release|Any CPU
		{F377CCFB-79CF-421B-B808-6E32666B5809}.Debug|Any CPU.ActiveCfg = Debug|Any CPU
		{F377CCFB-79CF-421B-B808-6E32666B5809}.Debug|Any CPU.Build.0 = Debug|Any CPU
		{F377CCFB-79CF-421B-B808-6E32666B5809}.Release|Any CPU.ActiveCfg = Release|Any CPU
		{F377CCFB-79CF-421B-B808-6E32666B5809}.Release|Any CPU.Build.0 = Release|Any CPU
		{60A70664-DC2B-4910-83B8-EEBCD4ADE07F}.Debug|Any CPU.ActiveCfg = Debug|Any CPU
		{60A70664-DC2B-4910-83B8-EEBCD4ADE07F}.Debug|Any CPU.Build.0 = Debug|Any CPU
		{60A70664-DC2B-4910-83B8-EEBCD4ADE07F}.Release|Any CPU.ActiveCfg = Release|Any CPU
		{60A70664-DC2B-4910-83B8-EEBCD4ADE07F}.Release|Any CPU.Build.0 = Release|Any CPU
		{3B65C597-232D-4A29-BF28-9B9CC70868E1}.Debug|Any CPU.ActiveCfg = Debug|Any CPU
		{3B65C597-232D-4A29-BF28-9B9CC70868E1}.Debug|Any CPU.Build.0 = Debug|Any CPU
		{3B65C597-232D-4A29-BF28-9B9CC70868E1}.Release|Any CPU.ActiveCfg = Release|Any CPU
		{3B65C597-232D-4A29-BF28-9B9CC70868E1}.Release|Any CPU.Build.0 = Release|Any CPU
	EndGlobalSection
	GlobalSection(SolutionProperties) = preSolution
		HideSolutionNode = FALSE
	EndGlobalSection
	GlobalSection(ExtensibilityGlobals) = postSolution
		SolutionGuid = {DEC9911F-51CC-4A08-A2DF-B7B7C8866892}
	EndGlobalSection
EndGlobal
